
Microsoft Visual Studio Solution File, Format Version 12.00
# Visual Studio 14
VisualStudioVersion = 14.0.25420.1
MinimumVisualStudioVersion = 10.0.40219.1
Project("{FAE04EC0-301F-11D3-BF4B-00C04F79EFBC}") = "GPLexTutorial", "GPLexTutorial\GPLexTutorial.csproj", "{DAF3ED26-59B9-4DC6-A229-7E595438F11F}"
EndProject
Project("{FAE04EC0-301F-11D3-BF4B-00C04F79EFBC}") = "RunTests", "RunTests\RunTests.csproj", "{60B00041-BF90-42D3-BCCF-E5227FB3EA86}"
EndProject
Project("{FAE04EC0-301F-11D3-BF4B-00C04F79EFBC}") = "GPlex.Tests", "GPlex.Tests\GPlex.Tests.csproj", "{DFD232B7-F98A-4CCA-B40F-06F4D39C6E44}"
EndProject
Global
	GlobalSection(SolutionConfigurationPlatforms) = preSolution
		Debug|Any CPU = Debug|Any CPU
		Release|Any CPU = Release|Any CPU
	EndGlobalSection
	GlobalSection(ProjectConfigurationPlatforms) = postSolution
		{DAF3ED26-59B9-4DC6-A229-7E595438F11F}.Debug|Any CPU.ActiveCfg = Debug|Any CPU
		{DAF3ED26-59B9-4DC6-A229-7E595438F11F}.Debug|Any CPU.Build.0 = Debug|Any CPU
		{DAF3ED26-59B9-4DC6-A229-7E595438F11F}.Release|Any CPU.ActiveCfg = Release|Any CPU
		{DAF3ED26-59B9-4DC6-A229-7E595438F11F}.Release|Any CPU.Build.0 = Release|Any CPU
		{60B00041-BF90-42D3-BCCF-E5227FB3EA86}.Debug|Any CPU.ActiveCfg = Debug|Any CPU
		{60B00041-BF90-42D3-BCCF-E5227FB3EA86}.Debug|Any CPU.Build.0 = Debug|Any CPU
		{60B00041-BF90-42D3-BCCF-E5227FB3EA86}.Release|Any CPU.ActiveCfg = Release|Any CPU
		{60B00041-BF90-42D3-BCCF-E5227FB3EA86}.Release|Any CPU.Build.0 = Release|Any CPU
		{DFD232B7-F98A-4CCA-B40F-06F4D39C6E44}.Debug|Any CPU.ActiveCfg = Debug|Any CPU
		{DFD232B7-F98A-4CCA-B40F-06F4D39C6E44}.Debug|Any CPU.Build.0 = Debug|Any CPU
		{DFD232B7-F98A-4CCA-B40F-06F4D39C6E44}.Release|Any CPU.ActiveCfg = Release|Any CPU
		{DFD232B7-F98A-4CCA-B40F-06F4D39C6E44}.Release|Any CPU.Build.0 = Release|Any CPU
	EndGlobalSection
	GlobalSection(SolutionProperties) = preSolution
		HideSolutionNode = FALSE
	EndGlobalSection
EndGlobal
